// !$*UTF8*$!
{
	archiveVersion = 1;
	classes = {
	};
	objectVersion = 46;
	objects = {

/* Begin PBXBuildFile section */
		5D192BBA17FE55ED0046CC16 /* LegAngleImageView.m in Sources */ = {isa = PBXBuildFile; fileRef = 5D192BB917FE55ED0046CC16 /* LegAngleImageView.m */; };
		5D3B1E7917F76045004EB913 /* KneeViewController.m in Sources */ = {isa = PBXBuildFile; fileRef = 5D3B1E7817F76045004EB913 /* KneeViewController.m */; };
		5D3B1E7C17F76187004EB913 /* KneeDrawingView.m in Sources */ = {isa = PBXBuildFile; fileRef = 5D3B1E7B17F76186004EB913 /* KneeDrawingView.m */; };
		5D3BC32D190881FD003E8613 /* SettingsViewController.m in Sources */ = {isa = PBXBuildFile; fileRef = 5D3BC32C190881FD003E8613 /* SettingsViewController.m */; };
		5D3BC330190AB41B003E8613 /* GlobalOperationQueueManager.m in Sources */ = {isa = PBXBuildFile; fileRef = 5D3BC32F190AB41B003E8613 /* GlobalOperationQueueManager.m */; };
		5D3BC333190AB605003E8613 /* ImageNote.m in Sources */ = {isa = PBXBuildFile; fileRef = 5D3BC332190AB605003E8613 /* ImageNote.m */; };
		5D4BE6C81841414F009289CB /* Security.framework in Frameworks */ = {isa = PBXBuildFile; fileRef = 5D4BE6C71841414F009289CB /* Security.framework */; };
		5D549A411862A53A00B61A83 /* img_thumb_383809223.jpg in Resources */ = {isa = PBXBuildFile; fileRef = 5D549A401862A53A00B61A83 /* img_thumb_383809223.jpg */; };
		5D57674D17F4F9720017CF87 /* BikeFitTabBarController.m in Sources */ = {isa = PBXBuildFile; fileRef = 5D57674C17F4F9720017CF87 /* BikeFitTabBarController.m */; };
		5D57675017F5028E0017CF87 /* AthletePropertyModel.m in Sources */ = {isa = PBXBuildFile; fileRef = 5D57674F17F5028E0017CF87 /* AthletePropertyModel.m */; };
		5D6F3A9118145FAC001BD897 /* BikeInfoViewController.m in Sources */ = {isa = PBXBuildFile; fileRef = 5D6F3A9018145FAC001BD897 /* BikeInfoViewController.m */; };
		5D6F3A9318146C1F001BD897 /* BikeFitIcon.png in Resources */ = {isa = PBXBuildFile; fileRef = 5D6F3A9218146C1F001BD897 /* BikeFitIcon.png */; };
		5D6F3A961814704D001BD897 /* BikeFitIcon-72x72.png in Resources */ = {isa = PBXBuildFile; fileRef = 5D6F3A9418146C7E001BD897 /* BikeFitIcon-72x72.png */; };
		5D6F9992190B323800558C99 /* AWSAutoScaling.framework in Frameworks */ = {isa = PBXBuildFile; fileRef = 5D6F9985190B323800558C99 /* AWSAutoScaling.framework */; };
		5D6F9993190B323800558C99 /* AWSCloudWatch.framework in Frameworks */ = {isa = PBXBuildFile; fileRef = 5D6F9986190B323800558C99 /* AWSCloudWatch.framework */; };
		5D6F9994190B323800558C99 /* AWSDynamoDB.framework in Frameworks */ = {isa = PBXBuildFile; fileRef = 5D6F9987190B323800558C99 /* AWSDynamoDB.framework */; };
		5D6F9995190B323800558C99 /* AWSEC2.framework in Frameworks */ = {isa = PBXBuildFile; fileRef = 5D6F9988190B323800558C99 /* AWSEC2.framework */; };
		5D6F9996190B323800558C99 /* AWSElasticLoadBalancing.framework in Frameworks */ = {isa = PBXBuildFile; fileRef = 5D6F9989190B323800558C99 /* AWSElasticLoadBalancing.framework */; };
		5D6F9997190B323800558C99 /* AWSPersistence.framework in Frameworks */ = {isa = PBXBuildFile; fileRef = 5D6F998A190B323800558C99 /* AWSPersistence.framework */; };
		5D6F9998190B323800558C99 /* AWSRuntime.framework in Frameworks */ = {isa = PBXBuildFile; fileRef = 5D6F998B190B323800558C99 /* AWSRuntime.framework */; };
		5D6F9999190B323800558C99 /* AWSS3.framework in Frameworks */ = {isa = PBXBuildFile; fileRef = 5D6F998C190B323800558C99 /* AWSS3.framework */; };
		5D6F999A190B323800558C99 /* AWSSecurityTokenService.framework in Frameworks */ = {isa = PBXBuildFile; fileRef = 5D6F998D190B323800558C99 /* AWSSecurityTokenService.framework */; };
		5D6F999B190B323800558C99 /* AWSSES.framework in Frameworks */ = {isa = PBXBuildFile; fileRef = 5D6F998E190B323800558C99 /* AWSSES.framework */; };
		5D6F999C190B323800558C99 /* AWSSimpleDB.framework in Frameworks */ = {isa = PBXBuildFile; fileRef = 5D6F998F190B323800558C99 /* AWSSimpleDB.framework */; };
		5D6F999D190B323800558C99 /* AWSSNS.framework in Frameworks */ = {isa = PBXBuildFile; fileRef = 5D6F9990190B323800558C99 /* AWSSNS.framework */; };
		5D6F999E190B323800558C99 /* AWSSQS.framework in Frameworks */ = {isa = PBXBuildFile; fileRef = 5D6F9991190B323800558C99 /* AWSSQS.framework */; };
		5D6F99CB190B448600558C99 /* arrowleft.png in Resources */ = {isa = PBXBuildFile; fileRef = 5D6F99C9190B448600558C99 /* arrowleft.png */; };
		5D6F99CC190B448600558C99 /* arrowright.png in Resources */ = {isa = PBXBuildFile; fileRef = 5D6F99CA190B448600558C99 /* arrowright.png */; };
		5D6F99CE190B44BB00558C99 /* recordButton.png in Resources */ = {isa = PBXBuildFile; fileRef = 5D6F99CD190B44BB00558C99 /* recordButton.png */; };
		5D6F99D0190B453700558C99 /* BikeFitBadge.png in Resources */ = {isa = PBXBuildFile; fileRef = 5D6F99CF190B453700558C99 /* BikeFitBadge.png */; };
		5D6F99D3190B4D4D00558C99 /* AmazonClientManager.m in Sources */ = {isa = PBXBuildFile; fileRef = 5D6F99D2190B4D4D00558C99 /* AmazonClientManager.m */; };
		5D7E1F4418BBE42B00689276 /* VarusNoteViewController.m in Sources */ = {isa = PBXBuildFile; fileRef = 5D7E1F4318BBE42B00689276 /* VarusNoteViewController.m */; };
		5D7E1F4718BBE46E00689276 /* VarusDrawingView.m in Sources */ = {isa = PBXBuildFile; fileRef = 5D7E1F4618BBE46E00689276 /* VarusDrawingView.m */; };
		5D7E1F4A18BC0F1500689276 /* VarusNote.m in Sources */ = {isa = PBXBuildFile; fileRef = 5D7E1F4918BC0F1500689276 /* VarusNote.m */; };
		5D8531CA1759CD6600934E68 /* UIKit.framework in Frameworks */ = {isa = PBXBuildFile; fileRef = 5D8531C91759CD6600934E68 /* UIKit.framework */; };
		5D8531CC1759CD6600934E68 /* Foundation.framework in Frameworks */ = {isa = PBXBuildFile; fileRef = 5D8531CB1759CD6600934E68 /* Foundation.framework */; };
		5D8531CE1759CD6600934E68 /* CoreGraphics.framework in Frameworks */ = {isa = PBXBuildFile; fileRef = 5D8531CD1759CD6600934E68 /* CoreGraphics.framework */; };
		5D8531D41759CD6600934E68 /* InfoPlist.strings in Resources */ = {isa = PBXBuildFile; fileRef = 5D8531D21759CD6600934E68 /* InfoPlist.strings */; };
		5D8531D61759CD6600934E68 /* main.m in Sources */ = {isa = PBXBuildFile; fileRef = 5D8531D51759CD6600934E68 /* main.m */; };
		5D8531DA1759CD6600934E68 /* AppDelegate.m in Sources */ = {isa = PBXBuildFile; fileRef = 5D8531D91759CD6600934E68 /* AppDelegate.m */; };
		5D8531DC1759CD6600934E68 /* Default.png in Resources */ = {isa = PBXBuildFile; fileRef = 5D8531DB1759CD6600934E68 /* Default.png */; };
		5D8531DE1759CD6600934E68 /* Default@2x.png in Resources */ = {isa = PBXBuildFile; fileRef = 5D8531DD1759CD6600934E68 /* Default@2x.png */; };
		5D8531E01759CD6600934E68 /* Default-568h@2x.png in Resources */ = {isa = PBXBuildFile; fileRef = 5D8531DF1759CD6600934E68 /* Default-568h@2x.png */; };
		5D8531E61759CD6600934E68 /* MainStoryboard_iPad.storyboard in Resources */ = {isa = PBXBuildFile; fileRef = 5D8531E41759CD6600934E68 /* MainStoryboard_iPad.storyboard */; };
		5D8531E91759CD6600934E68 /* AthleteInfoController.m in Sources */ = {isa = PBXBuildFile; fileRef = 5D8531E81759CD6600934E68 /* AthleteInfoController.m */; };
		5D8531EB1759CD6600934E68 /* first.png in Resources */ = {isa = PBXBuildFile; fileRef = 5D8531EA1759CD6600934E68 /* first.png */; };
		5D8531ED1759CD6600934E68 /* first@2x.png in Resources */ = {isa = PBXBuildFile; fileRef = 5D8531EC1759CD6600934E68 /* first@2x.png */; };
		5D8531F21759CD6600934E68 /* second.png in Resources */ = {isa = PBXBuildFile; fileRef = 5D8531F11759CD6600934E68 /* second.png */; };
		5D8531F41759CD6600934E68 /* second@2x.png in Resources */ = {isa = PBXBuildFile; fileRef = 5D8531F31759CD6600934E68 /* second@2x.png */; };
		5D8531FC1759CD6600934E68 /* SenTestingKit.framework in Frameworks */ = {isa = PBXBuildFile; fileRef = 5D8531FB1759CD6600934E68 /* SenTestingKit.framework */; };
		5D8531FD1759CD6600934E68 /* UIKit.framework in Frameworks */ = {isa = PBXBuildFile; fileRef = 5D8531C91759CD6600934E68 /* UIKit.framework */; };
		5D8531FE1759CD6600934E68 /* Foundation.framework in Frameworks */ = {isa = PBXBuildFile; fileRef = 5D8531CB1759CD6600934E68 /* Foundation.framework */; };
		5D8532061759CD6600934E68 /* InfoPlist.strings in Resources */ = {isa = PBXBuildFile; fileRef = 5D8532041759CD6600934E68 /* InfoPlist.strings */; };
		5D8532091759CD6600934E68 /* AthletePropertyModelTests.m in Sources */ = {isa = PBXBuildFile; fileRef = 5D8532081759CD6600934E68 /* AthletePropertyModelTests.m */; };
		5D8A05CB18C181A1005FF2B0 /* ShoulderAngleViewController.m in Sources */ = {isa = PBXBuildFile; fileRef = 5D8A05CA18C181A1005FF2B0 /* ShoulderAngleViewController.m */; };
		5D9322D1190B301600E54006 /* LegAngleViewViewController.m in Sources */ = {isa = PBXBuildFile; fileRef = 5D9322D0190B301600E54006 /* LegAngleViewViewController.m */; };
		5D9904B118ECD52500FE5765 /* AngleImageViewerViewController.m in Sources */ = {isa = PBXBuildFile; fileRef = 5D9904B018ECD52500FE5765 /* AngleImageViewerViewController.m */; };
		5D9E2155185BE370006BA0B3 /* AngleNote.m in Sources */ = {isa = PBXBuildFile; fileRef = 5D9E2154185BE370006BA0B3 /* AngleNote.m */; };
		5D9E215A185CE8EE006BA0B3 /* KneeViewNote.m in Sources */ = {isa = PBXBuildFile; fileRef = 5D9E2159185CE8EE006BA0B3 /* KneeViewNote.m */; };
		5D9E215E185FE7F2006BA0B3 /* FootBottomNote.m in Sources */ = {isa = PBXBuildFile; fileRef = 5D9E215D185FE7F2006BA0B3 /* FootBottomNote.m */; };
		5D9E2161185FE897006BA0B3 /* FootBottomNoteViewController.m in Sources */ = {isa = PBXBuildFile; fileRef = 5D9E2160185FE897006BA0B3 /* FootBottomNoteViewController.m */; };
		5D9E2164185FEC46006BA0B3 /* FootBottomView.m in Sources */ = {isa = PBXBuildFile; fileRef = 5D9E2163185FEC46006BA0B3 /* FootBottomView.m */; };
		5D9EA2371857EA2100E63682 /* FitNote.m in Sources */ = {isa = PBXBuildFile; fileRef = 5D9EA2361857EA2100E63682 /* FitNote.m */; };
		5D9EA23A1859400300E63682 /* TextFitNoteViewController.m in Sources */ = {isa = PBXBuildFile; fileRef = 5D9EA2391859400300E63682 /* TextFitNoteViewController.m */; };
		5DA7AE5418BEC45B00CA0DEB /* SpindleNoteViewController.m in Sources */ = {isa = PBXBuildFile; fileRef = 5DA7AE5318BEC45B00CA0DEB /* SpindleNoteViewController.m */; };
		5DA7AE5618BEC79B00CA0DEB /* foot_fore_aft_measure.png in Resources */ = {isa = PBXBuildFile; fileRef = 5DA7AE5518BEC79B00CA0DEB /* foot_fore_aft_measure.png */; };
		5DA7AE5918BEC8A400CA0DEB /* NoteViewController.m in Sources */ = {isa = PBXBuildFile; fileRef = 5DA7AE5818BEC8A400CA0DEB /* NoteViewController.m */; };
		5DA7AE5D18BECCC800CA0DEB /* SpindleView.m in Sources */ = {isa = PBXBuildFile; fileRef = 5DA7AE5C18BECCC800CA0DEB /* SpindleView.m */; };
		5DA7AE6018BED17300CA0DEB /* SpindleNote.m in Sources */ = {isa = PBXBuildFile; fileRef = 5DA7AE5F18BED17300CA0DEB /* SpindleNote.m */; };
		5DABBE0B184EC3A900309BAB /* CoreMotion.framework in Frameworks */ = {isa = PBXBuildFile; fileRef = 5DABBE0A184EC3A800309BAB /* CoreMotion.framework */; };
		5DAC945B18CE7A6A00EFEDC7 /* ShoulderAngleNote.m in Sources */ = {isa = PBXBuildFile; fileRef = 5DAC945A18CE7A6A00EFEDC7 /* ShoulderAngleNote.m */; };
		5DB3607518C694DA00191385 /* KopsViewController.m in Sources */ = {isa = PBXBuildFile; fileRef = 5DB3607418C694DA00191385 /* KopsViewController.m */; };
		5DB3607818C6A28F00191385 /* KopsNote.m in Sources */ = {isa = PBXBuildFile; fileRef = 5DB3607718C6A28F00191385 /* KopsNote.m */; };
		5DB52F161912B9F300297201 /* KW_front_laser_2.png in Resources */ = {isa = PBXBuildFile; fileRef = 5DB52F151912B9F300297201 /* KW_front_laser_2.png */; };
		5DBC20C418E4E24900BF5957 /* ImageViewerViewController.m in Sources */ = {isa = PBXBuildFile; fileRef = 5DBC20C318E4E24900BF5957 /* ImageViewerViewController.m */; };
		5DD2940D17FA8276005E707D /* AthletePickerViewController.m in Sources */ = {isa = PBXBuildFile; fileRef = 5DD2940C17FA8276005E707D /* AthletePickerViewController.m */; };
		5DD2941417FBBD7F005E707D /* AngleFinderViewController.m in Sources */ = {isa = PBXBuildFile; fileRef = 5DD2941317FBBD7F005E707D /* AngleFinderViewController.m */; };
		5DED8DFB17F8EA66004947FD /* AVFoundation.framework in Frameworks */ = {isa = PBXBuildFile; fileRef = 5DED8DFA17F8EA66004947FD /* AVFoundation.framework */; };
		5DED8DFD17F8F331004947FD /* QuartzCore.framework in Frameworks */ = {isa = PBXBuildFile; fileRef = 5DED8DFC17F8F331004947FD /* QuartzCore.framework */; };
		5DED8DFF17F8F347004947FD /* CoreVideo.framework in Frameworks */ = {isa = PBXBuildFile; fileRef = 5DED8DFE17F8F347004947FD /* CoreVideo.framework */; };
		5DED8E0117F8F484004947FD /* CoreMedia.framework in Frameworks */ = {isa = PBXBuildFile; fileRef = 5DED8E0017F8F484004947FD /* CoreMedia.framework */; };
		5DF59D3718B2C73E0065A8D1 /* VideoNoteViewController.m in Sources */ = {isa = PBXBuildFile; fileRef = 5DF59D3618B2C73E0065A8D1 /* VideoNoteViewController.m */; };
		5DF59D3A18B569030065A8D1 /* NoteImageView.m in Sources */ = {isa = PBXBuildFile; fileRef = 5DF59D3918B569030065A8D1 /* NoteImageView.m */; };
/* End PBXBuildFile section */

/* Begin PBXContainerItemProxy section */
		5D8531FF1759CD6600934E68 /* PBXContainerItemProxy */ = {
			isa = PBXContainerItemProxy;
			containerPortal = 5D8531BE1759CD6600934E68 /* Project object */;
			proxyType = 1;
			remoteGlobalIDString = 5D8531C51759CD6600934E68;
			remoteInfo = "Tabbed Bikefit";
		};
/* End PBXContainerItemProxy section */

/* Begin PBXFileReference section */
		5D192BB817FE55ED0046CC16 /* LegAngleImageView.h */ = {isa = PBXFileReference; fileEncoding = 4; lastKnownFileType = sourcecode.c.h; path = LegAngleImageView.h; sourceTree = "<group>"; };
		5D192BB917FE55ED0046CC16 /* LegAngleImageView.m */ = {isa = PBXFileReference; fileEncoding = 4; lastKnownFileType = sourcecode.c.objc; path = LegAngleImageView.m; sourceTree = "<group>"; };
		5D3B1E7717F76045004EB913 /* KneeViewController.h */ = {isa = PBXFileReference; fileEncoding = 4; lastKnownFileType = sourcecode.c.h; path = KneeViewController.h; sourceTree = "<group>"; };
		5D3B1E7817F76045004EB913 /* KneeViewController.m */ = {isa = PBXFileReference; fileEncoding = 4; lastKnownFileType = sourcecode.c.objc; path = KneeViewController.m; sourceTree = "<group>"; };
		5D3B1E7A17F76186004EB913 /* KneeDrawingView.h */ = {isa = PBXFileReference; fileEncoding = 4; lastKnownFileType = sourcecode.c.h; path = KneeDrawingView.h; sourceTree = "<group>"; };
		5D3B1E7B17F76186004EB913 /* KneeDrawingView.m */ = {isa = PBXFileReference; fileEncoding = 4; lastKnownFileType = sourcecode.c.objc; path = KneeDrawingView.m; sourceTree = "<group>"; };
		5D3BC32B190881FD003E8613 /* SettingsViewController.h */ = {isa = PBXFileReference; fileEncoding = 4; lastKnownFileType = sourcecode.c.h; path = SettingsViewController.h; sourceTree = "<group>"; };
		5D3BC32C190881FD003E8613 /* SettingsViewController.m */ = {isa = PBXFileReference; fileEncoding = 4; lastKnownFileType = sourcecode.c.objc; path = SettingsViewController.m; sourceTree = "<group>"; };
		5D3BC32E190AB41B003E8613 /* GlobalOperationQueueManager.h */ = {isa = PBXFileReference; fileEncoding = 4; lastKnownFileType = sourcecode.c.h; path = GlobalOperationQueueManager.h; sourceTree = "<group>"; };
		5D3BC32F190AB41B003E8613 /* GlobalOperationQueueManager.m */ = {isa = PBXFileReference; fileEncoding = 4; lastKnownFileType = sourcecode.c.objc; path = GlobalOperationQueueManager.m; sourceTree = "<group>"; };
		5D3BC331190AB605003E8613 /* ImageNote.h */ = {isa = PBXFileReference; fileEncoding = 4; lastKnownFileType = sourcecode.c.h; path = ImageNote.h; sourceTree = "<group>"; };
		5D3BC332190AB605003E8613 /* ImageNote.m */ = {isa = PBXFileReference; fileEncoding = 4; lastKnownFileType = sourcecode.c.objc; path = ImageNote.m; sourceTree = "<group>"; };
		5D3BC334190AD9AB003E8613 /* BikefitConstants.h */ = {isa = PBXFileReference; fileEncoding = 4; lastKnownFileType = sourcecode.c.h; path = BikefitConstants.h; sourceTree = "<group>"; };
		5D4BE6C31841407B009289CB /* AWSPersistence.framework */ = {isa = PBXFileReference; lastKnownFileType = wrapper.framework; name = AWSPersistence.framework; path = "../../../Downloads/aws-ios-sdk-1.7.0/AWSPersistence.framework"; sourceTree = "<group>"; };
		5D4BE6C518414117009289CB /* CoreFoundation.framework */ = {isa = PBXFileReference; lastKnownFileType = wrapper.framework; name = CoreFoundation.framework; path = System/Library/Frameworks/CoreFoundation.framework; sourceTree = SDKROOT; };
		5D4BE6C71841414F009289CB /* Security.framework */ = {isa = PBXFileReference; lastKnownFileType = wrapper.framework; name = Security.framework; path = System/Library/Frameworks/Security.framework; sourceTree = SDKROOT; };
		5D4BE6FC184160F8009289CB /* AWSRuntime.framework */ = {isa = PBXFileReference; lastKnownFileType = wrapper.framework; name = AWSRuntime.framework; path = "../../../Downloads/aws-ios-sdk-1.7.0/AWSRuntime.framework"; sourceTree = "<group>"; };
		5D534D2E184127D500EEBDBE /* AWSDynamoDB.framework */ = {isa = PBXFileReference; lastKnownFileType = wrapper.framework; name = AWSDynamoDB.framework; path = "../../../Downloads/aws-ios-sdk-1.7.0/AWSDynamoDB.framework"; sourceTree = "<group>"; };
		5D549A401862A53A00B61A83 /* img_thumb_383809223.jpg */ = {isa = PBXFileReference; lastKnownFileType = image.jpeg; path = img_thumb_383809223.jpg; sourceTree = "<group>"; };
		5D57674B17F4F9720017CF87 /* BikeFitTabBarController.h */ = {isa = PBXFileReference; fileEncoding = 4; lastKnownFileType = sourcecode.c.h; path = BikeFitTabBarController.h; sourceTree = "<group>"; };
		5D57674C17F4F9720017CF87 /* BikeFitTabBarController.m */ = {isa = PBXFileReference; fileEncoding = 4; lastKnownFileType = sourcecode.c.objc; path = BikeFitTabBarController.m; sourceTree = "<group>"; };
		5D57674E17F5028E0017CF87 /* AthletePropertyModel.h */ = {isa = PBXFileReference; fileEncoding = 4; lastKnownFileType = sourcecode.c.h; path = AthletePropertyModel.h; sourceTree = "<group>"; };
		5D57674F17F5028E0017CF87 /* AthletePropertyModel.m */ = {isa = PBXFileReference; fileEncoding = 4; lastKnownFileType = sourcecode.c.objc; path = AthletePropertyModel.m; sourceTree = "<group>"; };
		5D6F3A8F18145FAC001BD897 /* BikeInfoViewController.h */ = {isa = PBXFileReference; fileEncoding = 4; lastKnownFileType = sourcecode.c.h; path = BikeInfoViewController.h; sourceTree = "<group>"; };
		5D6F3A9018145FAC001BD897 /* BikeInfoViewController.m */ = {isa = PBXFileReference; fileEncoding = 4; lastKnownFileType = sourcecode.c.objc; path = BikeInfoViewController.m; sourceTree = "<group>"; };
		5D6F3A9218146C1F001BD897 /* BikeFitIcon.png */ = {isa = PBXFileReference; lastKnownFileType = image.png; name = BikeFitIcon.png; path = ../BikeFitIcon.png; sourceTree = "<group>"; };
		5D6F3A9418146C7E001BD897 /* BikeFitIcon-72x72.png */ = {isa = PBXFileReference; lastKnownFileType = image.png; name = "BikeFitIcon-72x72.png"; path = "../BikeFitIcon-72x72.png"; sourceTree = "<group>"; };
		5D6F9985190B323800558C99 /* AWSAutoScaling.framework */ = {isa = PBXFileReference; lastKnownFileType = wrapper.framework; name = AWSAutoScaling.framework; path = "aws-ios-sdk-1.7.0/AWSAutoScaling.framework"; sourceTree = "<group>"; };
		5D6F9986190B323800558C99 /* AWSCloudWatch.framework */ = {isa = PBXFileReference; lastKnownFileType = wrapper.framework; name = AWSCloudWatch.framework; path = "aws-ios-sdk-1.7.0/AWSCloudWatch.framework"; sourceTree = "<group>"; };
		5D6F9987190B323800558C99 /* AWSDynamoDB.framework */ = {isa = PBXFileReference; lastKnownFileType = wrapper.framework; name = AWSDynamoDB.framework; path = "aws-ios-sdk-1.7.0/AWSDynamoDB.framework"; sourceTree = "<group>"; };
		5D6F9988190B323800558C99 /* AWSEC2.framework */ = {isa = PBXFileReference; lastKnownFileType = wrapper.framework; name = AWSEC2.framework; path = "aws-ios-sdk-1.7.0/AWSEC2.framework"; sourceTree = "<group>"; };
		5D6F9989190B323800558C99 /* AWSElasticLoadBalancing.framework */ = {isa = PBXFileReference; lastKnownFileType = wrapper.framework; name = AWSElasticLoadBalancing.framework; path = "aws-ios-sdk-1.7.0/AWSElasticLoadBalancing.framework"; sourceTree = "<group>"; };
		5D6F998A190B323800558C99 /* AWSPersistence.framework */ = {isa = PBXFileReference; lastKnownFileType = wrapper.framework; name = AWSPersistence.framework; path = "aws-ios-sdk-1.7.0/AWSPersistence.framework"; sourceTree = "<group>"; };
		5D6F998B190B323800558C99 /* AWSRuntime.framework */ = {isa = PBXFileReference; lastKnownFileType = wrapper.framework; name = AWSRuntime.framework; path = "aws-ios-sdk-1.7.0/AWSRuntime.framework"; sourceTree = "<group>"; };
		5D6F998C190B323800558C99 /* AWSS3.framework */ = {isa = PBXFileReference; lastKnownFileType = wrapper.framework; name = AWSS3.framework; path = "aws-ios-sdk-1.7.0/AWSS3.framework"; sourceTree = "<group>"; };
		5D6F998D190B323800558C99 /* AWSSecurityTokenService.framework */ = {isa = PBXFileReference; lastKnownFileType = wrapper.framework; name = AWSSecurityTokenService.framework; path = "aws-ios-sdk-1.7.0/AWSSecurityTokenService.framework"; sourceTree = "<group>"; };
		5D6F998E190B323800558C99 /* AWSSES.framework */ = {isa = PBXFileReference; lastKnownFileType = wrapper.framework; name = AWSSES.framework; path = "aws-ios-sdk-1.7.0/AWSSES.framework"; sourceTree = "<group>"; };
		5D6F998F190B323800558C99 /* AWSSimpleDB.framework */ = {isa = PBXFileReference; lastKnownFileType = wrapper.framework; name = AWSSimpleDB.framework; path = "aws-ios-sdk-1.7.0/AWSSimpleDB.framework"; sourceTree = "<group>"; };
		5D6F9990190B323800558C99 /* AWSSNS.framework */ = {isa = PBXFileReference; lastKnownFileType = wrapper.framework; name = AWSSNS.framework; path = "aws-ios-sdk-1.7.0/AWSSNS.framework"; sourceTree = "<group>"; };
		5D6F9991190B323800558C99 /* AWSSQS.framework */ = {isa = PBXFileReference; lastKnownFileType = wrapper.framework; name = AWSSQS.framework; path = "aws-ios-sdk-1.7.0/AWSSQS.framework"; sourceTree = "<group>"; };
		5D6F99C9190B448600558C99 /* arrowleft.png */ = {isa = PBXFileReference; lastKnownFileType = image.png; path = arrowleft.png; sourceTree = SOURCE_ROOT; };
		5D6F99CA190B448600558C99 /* arrowright.png */ = {isa = PBXFileReference; lastKnownFileType = image.png; path = arrowright.png; sourceTree = SOURCE_ROOT; };
		5D6F99CD190B44BB00558C99 /* recordButton.png */ = {isa = PBXFileReference; lastKnownFileType = image.png; path = recordButton.png; sourceTree = SOURCE_ROOT; };
		5D6F99CF190B453700558C99 /* BikeFitBadge.png */ = {isa = PBXFileReference; lastKnownFileType = image.png; path = BikeFitBadge.png; sourceTree = SOURCE_ROOT; };
		5D6F99D1190B4D4D00558C99 /* AmazonClientManager.h */ = {isa = PBXFileReference; fileEncoding = 4; lastKnownFileType = sourcecode.c.h; path = AmazonClientManager.h; sourceTree = "<group>"; };
		5D6F99D2190B4D4D00558C99 /* AmazonClientManager.m */ = {isa = PBXFileReference; fileEncoding = 4; lastKnownFileType = sourcecode.c.objc; path = AmazonClientManager.m; sourceTree = "<group>"; };
		5D7E1F4218BBE42B00689276 /* VarusNoteViewController.h */ = {isa = PBXFileReference; fileEncoding = 4; lastKnownFileType = sourcecode.c.h; path = VarusNoteViewController.h; sourceTree = "<group>"; };
		5D7E1F4318BBE42B00689276 /* VarusNoteViewController.m */ = {isa = PBXFileReference; fileEncoding = 4; lastKnownFileType = sourcecode.c.objc; path = VarusNoteViewController.m; sourceTree = "<group>"; };
		5D7E1F4518BBE46E00689276 /* VarusDrawingView.h */ = {isa = PBXFileReference; fileEncoding = 4; lastKnownFileType = sourcecode.c.h; path = VarusDrawingView.h; sourceTree = "<group>"; };
		5D7E1F4618BBE46E00689276 /* VarusDrawingView.m */ = {isa = PBXFileReference; fileEncoding = 4; lastKnownFileType = sourcecode.c.objc; path = VarusDrawingView.m; sourceTree = "<group>"; };
		5D7E1F4818BC0F1500689276 /* VarusNote.h */ = {isa = PBXFileReference; fileEncoding = 4; lastKnownFileType = sourcecode.c.h; path = VarusNote.h; sourceTree = "<group>"; };
		5D7E1F4918BC0F1500689276 /* VarusNote.m */ = {isa = PBXFileReference; fileEncoding = 4; lastKnownFileType = sourcecode.c.objc; path = VarusNote.m; sourceTree = "<group>"; };
		5D8531C61759CD6600934E68 /* bikefit.app */ = {isa = PBXFileReference; explicitFileType = wrapper.application; includeInIndex = 0; path = bikefit.app; sourceTree = BUILT_PRODUCTS_DIR; };
		5D8531C91759CD6600934E68 /* UIKit.framework */ = {isa = PBXFileReference; lastKnownFileType = wrapper.framework; name = UIKit.framework; path = System/Library/Frameworks/UIKit.framework; sourceTree = SDKROOT; };
		5D8531CB1759CD6600934E68 /* Foundation.framework */ = {isa = PBXFileReference; lastKnownFileType = wrapper.framework; name = Foundation.framework; path = System/Library/Frameworks/Foundation.framework; sourceTree = SDKROOT; };
		5D8531CD1759CD6600934E68 /* CoreGraphics.framework */ = {isa = PBXFileReference; lastKnownFileType = wrapper.framework; name = CoreGraphics.framework; path = System/Library/Frameworks/CoreGraphics.framework; sourceTree = SDKROOT; };
		5D8531D11759CD6600934E68 /* bikefit-Info.plist */ = {isa = PBXFileReference; lastKnownFileType = text.plist.xml; path = "bikefit-Info.plist"; sourceTree = "<group>"; };
		5D8531D31759CD6600934E68 /* en */ = {isa = PBXFileReference; lastKnownFileType = text.plist.strings; name = en; path = en.lproj/InfoPlist.strings; sourceTree = "<group>"; };
		5D8531D51759CD6600934E68 /* main.m */ = {isa = PBXFileReference; lastKnownFileType = sourcecode.c.objc; path = main.m; sourceTree = "<group>"; };
		5D8531D71759CD6600934E68 /* bikefit-Prefix.pch */ = {isa = PBXFileReference; lastKnownFileType = sourcecode.c.h; path = "bikefit-Prefix.pch"; sourceTree = "<group>"; };
		5D8531D81759CD6600934E68 /* AppDelegate.h */ = {isa = PBXFileReference; lastKnownFileType = sourcecode.c.h; path = AppDelegate.h; sourceTree = "<group>"; };
		5D8531D91759CD6600934E68 /* AppDelegate.m */ = {isa = PBXFileReference; lastKnownFileType = sourcecode.c.objc; path = AppDelegate.m; sourceTree = "<group>"; };
		5D8531DB1759CD6600934E68 /* Default.png */ = {isa = PBXFileReference; lastKnownFileType = image.png; path = Default.png; sourceTree = "<group>"; };
		5D8531DD1759CD6600934E68 /* Default@2x.png */ = {isa = PBXFileReference; lastKnownFileType = image.png; path = "Default@2x.png"; sourceTree = "<group>"; };
		5D8531DF1759CD6600934E68 /* Default-568h@2x.png */ = {isa = PBXFileReference; lastKnownFileType = image.png; path = "Default-568h@2x.png"; sourceTree = "<group>"; };
		5D8531E51759CD6600934E68 /* en */ = {isa = PBXFileReference; lastKnownFileType = file.storyboard; name = en; path = en.lproj/MainStoryboard_iPad.storyboard; sourceTree = "<group>"; };
		5D8531E71759CD6600934E68 /* AthleteInfoController.h */ = {isa = PBXFileReference; lastKnownFileType = sourcecode.c.h; path = AthleteInfoController.h; sourceTree = "<group>"; };
		5D8531E81759CD6600934E68 /* AthleteInfoController.m */ = {isa = PBXFileReference; lastKnownFileType = sourcecode.c.objc; path = AthleteInfoController.m; sourceTree = "<group>"; };
		5D8531EA1759CD6600934E68 /* first.png */ = {isa = PBXFileReference; lastKnownFileType = image.png; path = first.png; sourceTree = "<group>"; };
		5D8531EC1759CD6600934E68 /* first@2x.png */ = {isa = PBXFileReference; lastKnownFileType = image.png; path = "first@2x.png"; sourceTree = "<group>"; };
		5D8531F11759CD6600934E68 /* second.png */ = {isa = PBXFileReference; lastKnownFileType = image.png; path = second.png; sourceTree = "<group>"; };
		5D8531F31759CD6600934E68 /* second@2x.png */ = {isa = PBXFileReference; lastKnownFileType = image.png; path = "second@2x.png"; sourceTree = "<group>"; };
		5D8531FA1759CD6600934E68 /* bikefitTests.octest */ = {isa = PBXFileReference; explicitFileType = wrapper.cfbundle; includeInIndex = 0; path = bikefitTests.octest; sourceTree = BUILT_PRODUCTS_DIR; };
		5D8531FB1759CD6600934E68 /* SenTestingKit.framework */ = {isa = PBXFileReference; lastKnownFileType = wrapper.framework; name = SenTestingKit.framework; path = Library/Frameworks/SenTestingKit.framework; sourceTree = DEVELOPER_DIR; };
		5D8532031759CD6600934E68 /* bikefitTests-Info.plist */ = {isa = PBXFileReference; lastKnownFileType = text.plist.xml; path = "bikefitTests-Info.plist"; sourceTree = "<group>"; };
		5D8532051759CD6600934E68 /* en */ = {isa = PBXFileReference; lastKnownFileType = text.plist.strings; name = en; path = en.lproj/InfoPlist.strings; sourceTree = "<group>"; };
		5D8532071759CD6600934E68 /* AthletePropertyModelTests.h */ = {isa = PBXFileReference; lastKnownFileType = sourcecode.c.h; path = AthletePropertyModelTests.h; sourceTree = "<group>"; };
		5D8532081759CD6600934E68 /* AthletePropertyModelTests.m */ = {isa = PBXFileReference; lastKnownFileType = sourcecode.c.objc; path = AthletePropertyModelTests.m; sourceTree = "<group>"; };
		5D8A05C918C181A1005FF2B0 /* ShoulderAngleViewController.h */ = {isa = PBXFileReference; fileEncoding = 4; lastKnownFileType = sourcecode.c.h; path = ShoulderAngleViewController.h; sourceTree = "<group>"; };
		5D8A05CA18C181A1005FF2B0 /* ShoulderAngleViewController.m */ = {isa = PBXFileReference; fileEncoding = 4; lastKnownFileType = sourcecode.c.objc; path = ShoulderAngleViewController.m; sourceTree = "<group>"; };
		5D9322CF190B301600E54006 /* LegAngleViewViewController.h */ = {isa = PBXFileReference; fileEncoding = 4; lastKnownFileType = sourcecode.c.h; name = LegAngleViewViewController.h; path = ../../../../../Documents/LegAngleViewViewController.h; sourceTree = "<group>"; };
		5D9322D0190B301600E54006 /* LegAngleViewViewController.m */ = {isa = PBXFileReference; fileEncoding = 4; lastKnownFileType = sourcecode.c.objc; name = LegAngleViewViewController.m; path = ../../../../../Documents/LegAngleViewViewController.m; sourceTree = "<group>"; };
		5D9904AF18ECD52500FE5765 /* AngleImageViewerViewController.h */ = {isa = PBXFileReference; fileEncoding = 4; lastKnownFileType = sourcecode.c.h; path = AngleImageViewerViewController.h; sourceTree = "<group>"; };
		5D9904B018ECD52500FE5765 /* AngleImageViewerViewController.m */ = {isa = PBXFileReference; fileEncoding = 4; lastKnownFileType = sourcecode.c.objc; path = AngleImageViewerViewController.m; sourceTree = "<group>"; };
		5D9E2153185BE370006BA0B3 /* AngleNote.h */ = {isa = PBXFileReference; fileEncoding = 4; lastKnownFileType = sourcecode.c.h; path = AngleNote.h; sourceTree = "<group>"; };
		5D9E2154185BE370006BA0B3 /* AngleNote.m */ = {isa = PBXFileReference; fileEncoding = 4; lastKnownFileType = sourcecode.c.objc; path = AngleNote.m; sourceTree = "<group>"; };
		5D9E2158185CE8EE006BA0B3 /* KneeViewNote.h */ = {isa = PBXFileReference; fileEncoding = 4; lastKnownFileType = sourcecode.c.h; path = KneeViewNote.h; sourceTree = "<group>"; };
		5D9E2159185CE8EE006BA0B3 /* KneeViewNote.m */ = {isa = PBXFileReference; fileEncoding = 4; lastKnownFileType = sourcecode.c.objc; path = KneeViewNote.m; sourceTree = "<group>"; };
		5D9E215C185FE7F2006BA0B3 /* FootBottomNote.h */ = {isa = PBXFileReference; fileEncoding = 4; lastKnownFileType = sourcecode.c.h; path = FootBottomNote.h; sourceTree = "<group>"; };
		5D9E215D185FE7F2006BA0B3 /* FootBottomNote.m */ = {isa = PBXFileReference; fileEncoding = 4; lastKnownFileType = sourcecode.c.objc; path = FootBottomNote.m; sourceTree = "<group>"; };
		5D9E215F185FE897006BA0B3 /* FootBottomNoteViewController.h */ = {isa = PBXFileReference; fileEncoding = 4; lastKnownFileType = sourcecode.c.h; path = FootBottomNoteViewController.h; sourceTree = "<group>"; };
		5D9E2160185FE897006BA0B3 /* FootBottomNoteViewController.m */ = {isa = PBXFileReference; fileEncoding = 4; lastKnownFileType = sourcecode.c.objc; path = FootBottomNoteViewController.m; sourceTree = "<group>"; };
		5D9E2162185FEC46006BA0B3 /* FootBottomView.h */ = {isa = PBXFileReference; fileEncoding = 4; lastKnownFileType = sourcecode.c.h; path = FootBottomView.h; sourceTree = "<group>"; };
		5D9E2163185FEC46006BA0B3 /* FootBottomView.m */ = {isa = PBXFileReference; fileEncoding = 4; lastKnownFileType = sourcecode.c.objc; path = FootBottomView.m; sourceTree = "<group>"; };
		5D9EA2351857EA2100E63682 /* FitNote.h */ = {isa = PBXFileReference; fileEncoding = 4; lastKnownFileType = sourcecode.c.h; path = FitNote.h; sourceTree = "<group>"; };
		5D9EA2361857EA2100E63682 /* FitNote.m */ = {isa = PBXFileReference; fileEncoding = 4; lastKnownFileType = sourcecode.c.objc; path = FitNote.m; sourceTree = "<group>"; };
		5D9EA2381859400300E63682 /* TextFitNoteViewController.h */ = {isa = PBXFileReference; fileEncoding = 4; lastKnownFileType = sourcecode.c.h; path = TextFitNoteViewController.h; sourceTree = "<group>"; };
		5D9EA2391859400300E63682 /* TextFitNoteViewController.m */ = {isa = PBXFileReference; fileEncoding = 4; lastKnownFileType = sourcecode.c.objc; path = TextFitNoteViewController.m; sourceTree = "<group>"; };
		5DA7AE5218BEC45B00CA0DEB /* SpindleNoteViewController.h */ = {isa = PBXFileReference; fileEncoding = 4; lastKnownFileType = sourcecode.c.h; path = SpindleNoteViewController.h; sourceTree = "<group>"; };
		5DA7AE5318BEC45B00CA0DEB /* SpindleNoteViewController.m */ = {isa = PBXFileReference; fileEncoding = 4; lastKnownFileType = sourcecode.c.objc; path = SpindleNoteViewController.m; sourceTree = "<group>"; };
		5DA7AE5518BEC79B00CA0DEB /* foot_fore_aft_measure.png */ = {isa = PBXFileReference; lastKnownFileType = image.png; path = foot_fore_aft_measure.png; sourceTree = SOURCE_ROOT; };
		5DA7AE5718BEC8A400CA0DEB /* NoteViewController.h */ = {isa = PBXFileReference; fileEncoding = 4; lastKnownFileType = sourcecode.c.h; path = NoteViewController.h; sourceTree = "<group>"; };
		5DA7AE5818BEC8A400CA0DEB /* NoteViewController.m */ = {isa = PBXFileReference; fileEncoding = 4; lastKnownFileType = sourcecode.c.objc; path = NoteViewController.m; sourceTree = "<group>"; };
		5DA7AE5B18BECCC800CA0DEB /* SpindleView.h */ = {isa = PBXFileReference; fileEncoding = 4; lastKnownFileType = sourcecode.c.h; path = SpindleView.h; sourceTree = "<group>"; };
		5DA7AE5C18BECCC800CA0DEB /* SpindleView.m */ = {isa = PBXFileReference; fileEncoding = 4; lastKnownFileType = sourcecode.c.objc; path = SpindleView.m; sourceTree = "<group>"; };
		5DA7AE5E18BED17300CA0DEB /* SpindleNote.h */ = {isa = PBXFileReference; fileEncoding = 4; lastKnownFileType = sourcecode.c.h; path = SpindleNote.h; sourceTree = "<group>"; };
		5DA7AE5F18BED17300CA0DEB /* SpindleNote.m */ = {isa = PBXFileReference; fileEncoding = 4; lastKnownFileType = sourcecode.c.objc; path = SpindleNote.m; sourceTree = "<group>"; };
		5DABBE0A184EC3A800309BAB /* CoreMotion.framework */ = {isa = PBXFileReference; lastKnownFileType = wrapper.framework; name = CoreMotion.framework; path = System/Library/Frameworks/CoreMotion.framework; sourceTree = SDKROOT; };
		5DAC945918CE7A6A00EFEDC7 /* ShoulderAngleNote.h */ = {isa = PBXFileReference; fileEncoding = 4; lastKnownFileType = sourcecode.c.h; path = ShoulderAngleNote.h; sourceTree = "<group>"; };
		5DAC945A18CE7A6A00EFEDC7 /* ShoulderAngleNote.m */ = {isa = PBXFileReference; fileEncoding = 4; lastKnownFileType = sourcecode.c.objc; path = ShoulderAngleNote.m; sourceTree = "<group>"; };
		5DB3607318C694DA00191385 /* KopsViewController.h */ = {isa = PBXFileReference; fileEncoding = 4; lastKnownFileType = sourcecode.c.h; path = KopsViewController.h; sourceTree = "<group>"; };
		5DB3607418C694DA00191385 /* KopsViewController.m */ = {isa = PBXFileReference; fileEncoding = 4; lastKnownFileType = sourcecode.c.objc; path = KopsViewController.m; sourceTree = "<group>"; };
		5DB3607618C6A28F00191385 /* KopsNote.h */ = {isa = PBXFileReference; fileEncoding = 4; lastKnownFileType = sourcecode.c.h; path = KopsNote.h; sourceTree = "<group>"; };
		5DB3607718C6A28F00191385 /* KopsNote.m */ = {isa = PBXFileReference; fileEncoding = 4; lastKnownFileType = sourcecode.c.objc; path = KopsNote.m; sourceTree = "<group>"; };
		5DB52F151912B9F300297201 /* KW_front_laser_2.png */ = {isa = PBXFileReference; lastKnownFileType = image.png; name = KW_front_laser_2.png; path = ../../../../velopez/KW_front_laser_2.png; sourceTree = "<group>"; };
		5DBC20C218E4E24900BF5957 /* ImageViewerViewController.h */ = {isa = PBXFileReference; fileEncoding = 4; lastKnownFileType = sourcecode.c.h; path = ImageViewerViewController.h; sourceTree = "<group>"; };
		5DBC20C318E4E24900BF5957 /* ImageViewerViewController.m */ = {isa = PBXFileReference; fileEncoding = 4; lastKnownFileType = sourcecode.c.objc; path = ImageViewerViewController.m; sourceTree = "<group>"; };
		5DC7915718417DFB00A71D51 /* AWSSNS.framework */ = {isa = PBXFileReference; lastKnownFileType = wrapper.framework; name = AWSSNS.framework; path = "../../../Downloads/aws-ios-sdk-1.7.0/AWSSNS.framework"; sourceTree = "<group>"; };
		5DC7915818417DFB00A71D51 /* AWSSQS.framework */ = {isa = PBXFileReference; lastKnownFileType = wrapper.framework; name = AWSSQS.framework; path = "../../../Downloads/aws-ios-sdk-1.7.0/AWSSQS.framework"; sourceTree = "<group>"; };
		5DC7915B18417E2F00A71D51 /* AWSS3.framework */ = {isa = PBXFileReference; lastKnownFileType = wrapper.framework; name = AWSS3.framework; path = "../../../Downloads/aws-ios-sdk-1.7.0/AWSS3.framework"; sourceTree = "<group>"; };
		5DC79C8B1846C56300A71D51 /* AWSSES.framework */ = {isa = PBXFileReference; lastKnownFileType = wrapper.framework; name = AWSSES.framework; path = "../../../Downloads/aws-ios-sdk-1.7.0/AWSSES.framework"; sourceTree = "<group>"; };
		5DC79C8C1846C56300A71D51 /* AWSSimpleDB.framework */ = {isa = PBXFileReference; lastKnownFileType = wrapper.framework; name = AWSSimpleDB.framework; path = "../../../Downloads/aws-ios-sdk-1.7.0/AWSSimpleDB.framework"; sourceTree = "<group>"; };
		5DC93039191400E400EB733C /* AwsCredentials.h */ = {isa = PBXFileReference; fileEncoding = 4; lastKnownFileType = sourcecode.c.h; path = AwsCredentials.h; sourceTree = "<group>"; };
		5DD2940B17FA8276005E707D /* AthletePickerViewController.h */ = {isa = PBXFileReference; fileEncoding = 4; lastKnownFileType = sourcecode.c.h; path = AthletePickerViewController.h; sourceTree = "<group>"; };
		5DD2940C17FA8276005E707D /* AthletePickerViewController.m */ = {isa = PBXFileReference; fileEncoding = 4; lastKnownFileType = sourcecode.c.objc; path = AthletePickerViewController.m; sourceTree = "<group>"; };
		5DD2941217FBBD7F005E707D /* AngleFinderViewController.h */ = {isa = PBXFileReference; fileEncoding = 4; lastKnownFileType = sourcecode.c.h; path = AngleFinderViewController.h; sourceTree = "<group>"; };
		5DD2941317FBBD7F005E707D /* AngleFinderViewController.m */ = {isa = PBXFileReference; fileEncoding = 4; lastKnownFileType = sourcecode.c.objc; path = AngleFinderViewController.m; sourceTree = "<group>"; };
		5DED8DFA17F8EA66004947FD /* AVFoundation.framework */ = {isa = PBXFileReference; lastKnownFileType = wrapper.framework; name = AVFoundation.framework; path = System/Library/Frameworks/AVFoundation.framework; sourceTree = SDKROOT; };
		5DED8DFC17F8F331004947FD /* QuartzCore.framework */ = {isa = PBXFileReference; lastKnownFileType = wrapper.framework; name = QuartzCore.framework; path = System/Library/Frameworks/QuartzCore.framework; sourceTree = SDKROOT; };
		5DED8DFE17F8F347004947FD /* CoreVideo.framework */ = {isa = PBXFileReference; lastKnownFileType = wrapper.framework; name = CoreVideo.framework; path = System/Library/Frameworks/CoreVideo.framework; sourceTree = SDKROOT; };
		5DED8E0017F8F484004947FD /* CoreMedia.framework */ = {isa = PBXFileReference; lastKnownFileType = wrapper.framework; name = CoreMedia.framework; path = System/Library/Frameworks/CoreMedia.framework; sourceTree = SDKROOT; };
		5DF59D3518B2C73E0065A8D1 /* VideoNoteViewController.h */ = {isa = PBXFileReference; fileEncoding = 4; lastKnownFileType = sourcecode.c.h; path = VideoNoteViewController.h; sourceTree = "<group>"; };
		5DF59D3618B2C73E0065A8D1 /* VideoNoteViewController.m */ = {isa = PBXFileReference; fileEncoding = 4; lastKnownFileType = sourcecode.c.objc; path = VideoNoteViewController.m; sourceTree = "<group>"; };
		5DF59D3818B569030065A8D1 /* NoteImageView.h */ = {isa = PBXFileReference; fileEncoding = 4; lastKnownFileType = sourcecode.c.h; path = NoteImageView.h; sourceTree = "<group>"; };
		5DF59D3918B569030065A8D1 /* NoteImageView.m */ = {isa = PBXFileReference; fileEncoding = 4; lastKnownFileType = sourcecode.c.objc; path = NoteImageView.m; sourceTree = "<group>"; };
/* End PBXFileReference section */

/* Begin PBXFrameworksBuildPhase section */
		5D8531C31759CD6600934E68 /* Frameworks */ = {
			isa = PBXFrameworksBuildPhase;
			buildActionMask = 2147483647;
			files = (
				5D6F9992190B323800558C99 /* AWSAutoScaling.framework in Frameworks */,
				5D6F9993190B323800558C99 /* AWSCloudWatch.framework in Frameworks */,
				5D6F9994190B323800558C99 /* AWSDynamoDB.framework in Frameworks */,
				5D6F9995190B323800558C99 /* AWSEC2.framework in Frameworks */,
				5D6F9996190B323800558C99 /* AWSElasticLoadBalancing.framework in Frameworks */,
				5D6F9997190B323800558C99 /* AWSPersistence.framework in Frameworks */,
				5D6F9998190B323800558C99 /* AWSRuntime.framework in Frameworks */,
				5D6F9999190B323800558C99 /* AWSS3.framework in Frameworks */,
				5D6F999A190B323800558C99 /* AWSSecurityTokenService.framework in Frameworks */,
				5D6F999B190B323800558C99 /* AWSSES.framework in Frameworks */,
				5D6F999C190B323800558C99 /* AWSSimpleDB.framework in Frameworks */,
				5D6F999D190B323800558C99 /* AWSSNS.framework in Frameworks */,
				5D6F999E190B323800558C99 /* AWSSQS.framework in Frameworks */,
				5DABBE0B184EC3A900309BAB /* CoreMotion.framework in Frameworks */,
				5D4BE6C81841414F009289CB /* Security.framework in Frameworks */,
				5D8531CC1759CD6600934E68 /* Foundation.framework in Frameworks */,
				5DED8E0117F8F484004947FD /* CoreMedia.framework in Frameworks */,
				5DED8DFF17F8F347004947FD /* CoreVideo.framework in Frameworks */,
				5DED8DFD17F8F331004947FD /* QuartzCore.framework in Frameworks */,
				5DED8DFB17F8EA66004947FD /* AVFoundation.framework in Frameworks */,
				5D8531CA1759CD6600934E68 /* UIKit.framework in Frameworks */,
				5D8531CE1759CD6600934E68 /* CoreGraphics.framework in Frameworks */,
			);
			runOnlyForDeploymentPostprocessing = 0;
		};
		5D8531F61759CD6600934E68 /* Frameworks */ = {
			isa = PBXFrameworksBuildPhase;
			buildActionMask = 2147483647;
			files = (
				5D8531FC1759CD6600934E68 /* SenTestingKit.framework in Frameworks */,
				5D8531FD1759CD6600934E68 /* UIKit.framework in Frameworks */,
				5D8531FE1759CD6600934E68 /* Foundation.framework in Frameworks */,
			);
			runOnlyForDeploymentPostprocessing = 0;
		};
/* End PBXFrameworksBuildPhase section */

/* Begin PBXGroup section */
		5D57675517F516B40017CF87 /* ViewControllers */ = {
			isa = PBXGroup;
			children = (
				5D57674B17F4F9720017CF87 /* BikeFitTabBarController.h */,
				5D57674C17F4F9720017CF87 /* BikeFitTabBarController.m */,
				5D3BC32B190881FD003E8613 /* SettingsViewController.h */,
				5D3BC32C190881FD003E8613 /* SettingsViewController.m */,
				5D6F3A8F18145FAC001BD897 /* BikeInfoViewController.h */,
				5D6F3A9018145FAC001BD897 /* BikeInfoViewController.m */,
				5DD2940E17FA8291005E707D /* AthleteInfo */,
				5D9E215B185D0614006BA0B3 /* Note View Controllers */,
			);
			name = ViewControllers;
			sourceTree = "<group>";
		};
		5D57675617F516E60017CF87 /* Interface */ = {
			isa = PBXGroup;
			children = (
				5D8531E41759CD6600934E68 /* MainStoryboard_iPad.storyboard */,
				5DA7AE5518BEC79B00CA0DEB /* foot_fore_aft_measure.png */,
				5D549A401862A53A00B61A83 /* img_thumb_383809223.jpg */,
			);
			name = Interface;
			sourceTree = "<group>";
		};
		5D57675717F5172B0017CF87 /* Model */ = {
			isa = PBXGroup;
			children = (
				5D9E2157185CE8A0006BA0B3 /* Note Classes */,
				5D57674E17F5028E0017CF87 /* AthletePropertyModel.h */,
				5D57674F17F5028E0017CF87 /* AthletePropertyModel.m */,
				5D3BC32E190AB41B003E8613 /* GlobalOperationQueueManager.h */,
				5D3BC32F190AB41B003E8613 /* GlobalOperationQueueManager.m */,
				5D6F99D1190B4D4D00558C99 /* AmazonClientManager.h */,
				5D6F99D2190B4D4D00558C99 /* AmazonClientManager.m */,
			);
			name = Model;
			sourceTree = "<group>";
		};
		5D8531BD1759CD6600934E68 = {
			isa = PBXGroup;
			children = (
				5D8531CF1759CD6600934E68 /* Tabbed Bikefit */,
				5D8532011759CD6600934E68 /* Tabbed BikefitTests */,
				5D8531C81759CD6600934E68 /* Frameworks */,
				5D8531C71759CD6600934E68 /* Products */,
			);
			sourceTree = "<group>";
		};
		5D8531C71759CD6600934E68 /* Products */ = {
			isa = PBXGroup;
			children = (
				5D8531C61759CD6600934E68 /* bikefit.app */,
				5D8531FA1759CD6600934E68 /* bikefitTests.octest */,
			);
			name = Products;
			sourceTree = "<group>";
		};
		5D8531C81759CD6600934E68 /* Frameworks */ = {
			isa = PBXGroup;
			children = (
				5D6F9985190B323800558C99 /* AWSAutoScaling.framework */,
				5D6F9986190B323800558C99 /* AWSCloudWatch.framework */,
				5D6F9987190B323800558C99 /* AWSDynamoDB.framework */,
				5D6F9988190B323800558C99 /* AWSEC2.framework */,
				5D6F9989190B323800558C99 /* AWSElasticLoadBalancing.framework */,
				5D6F998A190B323800558C99 /* AWSPersistence.framework */,
				5D6F998B190B323800558C99 /* AWSRuntime.framework */,
				5D6F998C190B323800558C99 /* AWSS3.framework */,
				5D6F998D190B323800558C99 /* AWSSecurityTokenService.framework */,
				5D6F998E190B323800558C99 /* AWSSES.framework */,
				5D6F998F190B323800558C99 /* AWSSimpleDB.framework */,
				5D6F9990190B323800558C99 /* AWSSNS.framework */,
				5D6F9991190B323800558C99 /* AWSSQS.framework */,
				5DABBE0A184EC3A800309BAB /* CoreMotion.framework */,
				5DC79C8B1846C56300A71D51 /* AWSSES.framework */,
				5DC79C8C1846C56300A71D51 /* AWSSimpleDB.framework */,
				5DC7915B18417E2F00A71D51 /* AWSS3.framework */,
				5DC7915718417DFB00A71D51 /* AWSSNS.framework */,
				5DC7915818417DFB00A71D51 /* AWSSQS.framework */,
				5D4BE6FC184160F8009289CB /* AWSRuntime.framework */,
				5DED8E0017F8F484004947FD /* CoreMedia.framework */,
				5DED8DFE17F8F347004947FD /* CoreVideo.framework */,
				5DED8DFC17F8F331004947FD /* QuartzCore.framework */,
				5DED8DFA17F8EA66004947FD /* AVFoundation.framework */,
				5D4BE6C71841414F009289CB /* Security.framework */,
				5D4BE6C518414117009289CB /* CoreFoundation.framework */,
				5D4BE6C31841407B009289CB /* AWSPersistence.framework */,
				5D534D2E184127D500EEBDBE /* AWSDynamoDB.framework */,
				5D8531C91759CD6600934E68 /* UIKit.framework */,
				5D8531CB1759CD6600934E68 /* Foundation.framework */,
				5D8531CD1759CD6600934E68 /* CoreGraphics.framework */,
				5D8531FB1759CD6600934E68 /* SenTestingKit.framework */,
			);
			name = Frameworks;
			sourceTree = "<group>";
		};
		5D8531CF1759CD6600934E68 /* Tabbed Bikefit */ = {
			isa = PBXGroup;
			children = (
				5D3BC334190AD9AB003E8613 /* BikefitConstants.h */,
				5DC93039191400E400EB733C /* AwsCredentials.h */,
				5D8531D81759CD6600934E68 /* AppDelegate.h */,
				5D8531D91759CD6600934E68 /* AppDelegate.m */,
				5D57675517F516B40017CF87 /* ViewControllers */,
				5D57675717F5172B0017CF87 /* Model */,
				5D57675617F516E60017CF87 /* Interface */,
				5D8531D01759CD6600934E68 /* Supporting Files */,
			);
			path = "Tabbed Bikefit";
			sourceTree = "<group>";
		};
		5D8531D01759CD6600934E68 /* Supporting Files */ = {
			isa = PBXGroup;
			children = (
				5DB52F151912B9F300297201 /* KW_front_laser_2.png */,
				5D6F3A9418146C7E001BD897 /* BikeFitIcon-72x72.png */,
				5D6F3A9218146C1F001BD897 /* BikeFitIcon.png */,
				5D6F99CF190B453700558C99 /* BikeFitBadge.png */,
				5D6F99CD190B44BB00558C99 /* recordButton.png */,
				5D6F99C9190B448600558C99 /* arrowleft.png */,
				5D6F99CA190B448600558C99 /* arrowright.png */,
				5D8531EA1759CD6600934E68 /* first.png */,
				5D8531EC1759CD6600934E68 /* first@2x.png */,
				5D8531F11759CD6600934E68 /* second.png */,
				5D8531F31759CD6600934E68 /* second@2x.png */,
				5D8531D11759CD6600934E68 /* bikefit-Info.plist */,
				5D8531D21759CD6600934E68 /* InfoPlist.strings */,
				5D8531D51759CD6600934E68 /* main.m */,
				5D8531D71759CD6600934E68 /* bikefit-Prefix.pch */,
				5D8531DB1759CD6600934E68 /* Default.png */,
				5D8531DD1759CD6600934E68 /* Default@2x.png */,
				5D8531DF1759CD6600934E68 /* Default-568h@2x.png */,
			);
			name = "Supporting Files";
			sourceTree = "<group>";
		};
		5D8532011759CD6600934E68 /* Tabbed BikefitTests */ = {
			isa = PBXGroup;
			children = (
				5D8532071759CD6600934E68 /* AthletePropertyModelTests.h */,
				5D8532081759CD6600934E68 /* AthletePropertyModelTests.m */,
				5D8532021759CD6600934E68 /* Supporting Files */,
			);
			path = "Tabbed BikefitTests";
			sourceTree = "<group>";
		};
		5D8532021759CD6600934E68 /* Supporting Files */ = {
			isa = PBXGroup;
			children = (
				5D8532031759CD6600934E68 /* bikefitTests-Info.plist */,
				5D8532041759CD6600934E68 /* InfoPlist.strings */,
			);
			name = "Supporting Files";
			sourceTree = "<group>";
		};
		5D9E2157185CE8A0006BA0B3 /* Note Classes */ = {
			isa = PBXGroup;
			children = (
				5D9EA2351857EA2100E63682 /* FitNote.h */,
				5D9EA2361857EA2100E63682 /* FitNote.m */,
				5D3BC331190AB605003E8613 /* ImageNote.h */,
				5D3BC332190AB605003E8613 /* ImageNote.m */,
				5D9E2158185CE8EE006BA0B3 /* KneeViewNote.h */,
				5D9E2159185CE8EE006BA0B3 /* KneeViewNote.m */,
				5D9E2153185BE370006BA0B3 /* AngleNote.h */,
				5D9E2154185BE370006BA0B3 /* AngleNote.m */,
				5D9E215C185FE7F2006BA0B3 /* FootBottomNote.h */,
				5D9E215D185FE7F2006BA0B3 /* FootBottomNote.m */,
				5DAC945918CE7A6A00EFEDC7 /* ShoulderAngleNote.h */,
				5DAC945A18CE7A6A00EFEDC7 /* ShoulderAngleNote.m */,
				5D7E1F4818BC0F1500689276 /* VarusNote.h */,
				5D7E1F4918BC0F1500689276 /* VarusNote.m */,
				5DA7AE5E18BED17300CA0DEB /* SpindleNote.h */,
				5DA7AE5F18BED17300CA0DEB /* SpindleNote.m */,
				5DB3607618C6A28F00191385 /* KopsNote.h */,
				5DB3607718C6A28F00191385 /* KopsNote.m */,
			);
			name = "Note Classes";
			sourceTree = "<group>";
		};
		5D9E215B185D0614006BA0B3 /* Note View Controllers */ = {
			isa = PBXGroup;
			children = (
				5DF59D3B18B56F750065A8D1 /* ViewControllers */,
				5DF59D3C18B56F910065A8D1 /* Views */,
			);
			name = "Note View Controllers";
			sourceTree = "<group>";
		};
		5DA7AE5A18BECC8100CA0DEB /* Base Controllers */ = {
			isa = PBXGroup;
			children = (
				5DA7AE5718BEC8A400CA0DEB /* NoteViewController.h */,
				5DA7AE5818BEC8A400CA0DEB /* NoteViewController.m */,
				5DF59D3518B2C73E0065A8D1 /* VideoNoteViewController.h */,
				5DF59D3618B2C73E0065A8D1 /* VideoNoteViewController.m */,
				5DD2941217FBBD7F005E707D /* AngleFinderViewController.h */,
				5DD2941317FBBD7F005E707D /* AngleFinderViewController.m */,
				5D3B1E7717F76045004EB913 /* KneeViewController.h */,
				5D3B1E7817F76045004EB913 /* KneeViewController.m */,
			);
			name = "Base Controllers";
			sourceTree = "<group>";
		};
		5DBC20C118E4E20D00BF5957 /* Viewers */ = {
			isa = PBXGroup;
			children = (
				5DBC20C218E4E24900BF5957 /* ImageViewerViewController.h */,
				5DBC20C318E4E24900BF5957 /* ImageViewerViewController.m */,
				5D9904AF18ECD52500FE5765 /* AngleImageViewerViewController.h */,
				5D9904B018ECD52500FE5765 /* AngleImageViewerViewController.m */,
			);
			name = Viewers;
			sourceTree = "<group>";
		};
		5DD2940E17FA8291005E707D /* AthleteInfo */ = {
			isa = PBXGroup;
			children = (
				5D8531E71759CD6600934E68 /* AthleteInfoController.h */,
				5D8531E81759CD6600934E68 /* AthleteInfoController.m */,
				5DD2940B17FA8276005E707D /* AthletePickerViewController.h */,
				5DD2940C17FA8276005E707D /* AthletePickerViewController.m */,
			);
			name = AthleteInfo;
			sourceTree = "<group>";
		};
		5DF59D3B18B56F750065A8D1 /* ViewControllers */ = {
			isa = PBXGroup;
			children = (
				5DBC20C118E4E20D00BF5957 /* Viewers */,
				5DA7AE5A18BECC8100CA0DEB /* Base Controllers */,
				5D9EA2381859400300E63682 /* TextFitNoteViewController.h */,
				5D9EA2391859400300E63682 /* TextFitNoteViewController.m */,
				5D9E215F185FE897006BA0B3 /* FootBottomNoteViewController.h */,
				5D9E2160185FE897006BA0B3 /* FootBottomNoteViewController.m */,
				5D7E1F4218BBE42B00689276 /* VarusNoteViewController.h */,
				5D7E1F4318BBE42B00689276 /* VarusNoteViewController.m */,
				5DA7AE5218BEC45B00CA0DEB /* SpindleNoteViewController.h */,
				5DA7AE5318BEC45B00CA0DEB /* SpindleNoteViewController.m */,
				5D9322CF190B301600E54006 /* LegAngleViewViewController.h */,
				5D9322D0190B301600E54006 /* LegAngleViewViewController.m */,
				5D8A05C918C181A1005FF2B0 /* ShoulderAngleViewController.h */,
				5D8A05CA18C181A1005FF2B0 /* ShoulderAngleViewController.m */,
				5DB3607318C694DA00191385 /* KopsViewController.h */,
				5DB3607418C694DA00191385 /* KopsViewController.m */,
			);
			name = ViewControllers;
			sourceTree = "<group>";
		};
		5DF59D3C18B56F910065A8D1 /* Views */ = {
			isa = PBXGroup;
			children = (
				5DF59D3818B569030065A8D1 /* NoteImageView.h */,
				5DF59D3918B569030065A8D1 /* NoteImageView.m */,
				5D3B1E7A17F76186004EB913 /* KneeDrawingView.h */,
				5D3B1E7B17F76186004EB913 /* KneeDrawingView.m */,
				5D192BB817FE55ED0046CC16 /* LegAngleImageView.h */,
				5D192BB917FE55ED0046CC16 /* LegAngleImageView.m */,
				5D9E2162185FEC46006BA0B3 /* FootBottomView.h */,
				5D9E2163185FEC46006BA0B3 /* FootBottomView.m */,
				5D7E1F4518BBE46E00689276 /* VarusDrawingView.h */,
				5D7E1F4618BBE46E00689276 /* VarusDrawingView.m */,
				5DA7AE5B18BECCC800CA0DEB /* SpindleView.h */,
				5DA7AE5C18BECCC800CA0DEB /* SpindleView.m */,
			);
			name = Views;
			sourceTree = "<group>";
		};
/* End PBXGroup section */

/* Begin PBXNativeTarget section */
		5D8531C51759CD6600934E68 /* bikefit */ = {
			isa = PBXNativeTarget;
			buildConfigurationList = 5D85320C1759CD6600934E68 /* Build configuration list for PBXNativeTarget "bikefit" */;
			buildPhases = (
				5D8531C21759CD6600934E68 /* Sources */,
				5D8531C31759CD6600934E68 /* Frameworks */,
				5D8531C41759CD6600934E68 /* Resources */,
			);
			buildRules = (
			);
			dependencies = (
			);
			name = bikefit;
			productName = "Tabbed Bikefit";
			productReference = 5D8531C61759CD6600934E68 /* bikefit.app */;
			productType = "com.apple.product-type.application";
		};
		5D8531F91759CD6600934E68 /* bikefitTests */ = {
			isa = PBXNativeTarget;
			buildConfigurationList = 5D85320F1759CD6600934E68 /* Build configuration list for PBXNativeTarget "bikefitTests" */;
			buildPhases = (
				5D8531F51759CD6600934E68 /* Sources */,
				5D8531F61759CD6600934E68 /* Frameworks */,
				5D8531F71759CD6600934E68 /* Resources */,
				5D8531F81759CD6600934E68 /* ShellScript */,
			);
			buildRules = (
			);
			dependencies = (
				5D8532001759CD6600934E68 /* PBXTargetDependency */,
			);
			name = bikefitTests;
			productName = "Tabbed BikefitTests";
			productReference = 5D8531FA1759CD6600934E68 /* bikefitTests.octest */;
			productType = "com.apple.product-type.bundle";
		};
/* End PBXNativeTarget section */

/* Begin PBXProject section */
		5D8531BE1759CD6600934E68 /* Project object */ = {
			isa = PBXProject;
			attributes = {
				LastTestingUpgradeCheck = 0510;
				LastUpgradeCheck = 0460;
				ORGANIZATIONNAME = "Alfonso Lopez";
			};
			buildConfigurationList = 5D8531C11759CD6600934E68 /* Build configuration list for PBXProject "bikefit" */;
			compatibilityVersion = "Xcode 3.2";
			developmentRegion = English;
			hasScannedForEncodings = 0;
			knownRegions = (
				en,
			);
			mainGroup = 5D8531BD1759CD6600934E68;
			productRefGroup = 5D8531C71759CD6600934E68 /* Products */;
			projectDirPath = "";
			projectRoot = "";
			targets = (
				5D8531C51759CD6600934E68 /* bikefit */,
				5D8531F91759CD6600934E68 /* bikefitTests */,
			);
		};
/* End PBXProject section */

/* Begin PBXResourcesBuildPhase section */
		5D8531C41759CD6600934E68 /* Resources */ = {
			isa = PBXResourcesBuildPhase;
			buildActionMask = 2147483647;
			files = (
				5D6F99D0190B453700558C99 /* BikeFitBadge.png in Resources */,
				5D8531D41759CD6600934E68 /* InfoPlist.strings in Resources */,
				5DB52F161912B9F300297201 /* KW_front_laser_2.png in Resources */,
				5D8531DC1759CD6600934E68 /* Default.png in Resources */,
				5D8531DE1759CD6600934E68 /* Default@2x.png in Resources */,
				5D8531E01759CD6600934E68 /* Default-568h@2x.png in Resources */,
				5D8531E61759CD6600934E68 /* MainStoryboard_iPad.storyboard in Resources */,
				5D6F99CC190B448600558C99 /* arrowright.png in Resources */,
				5D549A411862A53A00B61A83 /* img_thumb_383809223.jpg in Resources */,
				5D8531EB1759CD6600934E68 /* first.png in Resources */,
				5D6F99CB190B448600558C99 /* arrowleft.png in Resources */,
				5DA7AE5618BEC79B00CA0DEB /* foot_fore_aft_measure.png in Resources */,
				5D8531ED1759CD6600934E68 /* first@2x.png in Resources */,
				5D8531F21759CD6600934E68 /* second.png in Resources */,
				5D8531F41759CD6600934E68 /* second@2x.png in Resources */,
				5D6F99CE190B44BB00558C99 /* recordButton.png in Resources */,
				5D6F3A9318146C1F001BD897 /* BikeFitIcon.png in Resources */,
				5D6F3A961814704D001BD897 /* BikeFitIcon-72x72.png in Resources */,
			);
			runOnlyForDeploymentPostprocessing = 0;
		};
		5D8531F71759CD6600934E68 /* Resources */ = {
			isa = PBXResourcesBuildPhase;
			buildActionMask = 2147483647;
			files = (
				5D8532061759CD6600934E68 /* InfoPlist.strings in Resources */,
			);
			runOnlyForDeploymentPostprocessing = 0;
		};
/* End PBXResourcesBuildPhase section */

/* Begin PBXShellScriptBuildPhase section */
		5D8531F81759CD6600934E68 /* ShellScript */ = {
			isa = PBXShellScriptBuildPhase;
			buildActionMask = 2147483647;
			files = (
			);
			inputPaths = (
			);
			outputPaths = (
			);
			runOnlyForDeploymentPostprocessing = 0;
			shellPath = /bin/sh;
			shellScript = "# Run the unit tests in this test bundle.\n\"${SYSTEM_DEVELOPER_DIR}/Tools/RunUnitTests\"\n";
		};
/* End PBXShellScriptBuildPhase section */

/* Begin PBXSourcesBuildPhase section */
		5D8531C21759CD6600934E68 /* Sources */ = {
			isa = PBXSourcesBuildPhase;
			buildActionMask = 2147483647;
			files = (
				5D3BC330190AB41B003E8613 /* GlobalOperationQueueManager.m in Sources */,
				5D8531D61759CD6600934E68 /* main.m in Sources */,
				5D6F99D3190B4D4D00558C99 /* AmazonClientManager.m in Sources */,
				5D3BC32D190881FD003E8613 /* SettingsViewController.m in Sources */,
				5D8531DA1759CD6600934E68 /* AppDelegate.m in Sources */,
				5D8531E91759CD6600934E68 /* AthleteInfoController.m in Sources */,
				5D57674D17F4F9720017CF87 /* BikeFitTabBarController.m in Sources */,
				5D57675017F5028E0017CF87 /* AthletePropertyModel.m in Sources */,
				5DF59D3A18B569030065A8D1 /* NoteImageView.m in Sources */,
				5D3B1E7917F76045004EB913 /* KneeViewController.m in Sources */,
				5D3B1E7C17F76187004EB913 /* KneeDrawingView.m in Sources */,
				5DD2940D17FA8276005E707D /* AthletePickerViewController.m in Sources */,
				5DD2941417FBBD7F005E707D /* AngleFinderViewController.m in Sources */,
				5D192BBA17FE55ED0046CC16 /* LegAngleImageView.m in Sources */,
				5D6F3A9118145FAC001BD897 /* BikeInfoViewController.m in Sources */,
				5DB3607818C6A28F00191385 /* KopsNote.m in Sources */,
				5D9EA2371857EA2100E63682 /* FitNote.m in Sources */,
				5D7E1F4A18BC0F1500689276 /* VarusNote.m in Sources */,
				5D9322D1190B301600E54006 /* LegAngleViewViewController.m in Sources */,
				5D9904B118ECD52500FE5765 /* AngleImageViewerViewController.m in Sources */,
				5DB3607518C694DA00191385 /* KopsViewController.m in Sources */,
				5D8A05CB18C181A1005FF2B0 /* ShoulderAngleViewController.m in Sources */,
				5DA7AE6018BED17300CA0DEB /* SpindleNote.m in Sources */,
				5D9E2161185FE897006BA0B3 /* FootBottomNoteViewController.m in Sources */,
				5DBC20C418E4E24900BF5957 /* ImageViewerViewController.m in Sources */,
				5D9E215A185CE8EE006BA0B3 /* KneeViewNote.m in Sources */,
				5D9EA23A1859400300E63682 /* TextFitNoteViewController.m in Sources */,
				5D7E1F4718BBE46E00689276 /* VarusDrawingView.m in Sources */,
				5D7E1F4418BBE42B00689276 /* VarusNoteViewController.m in Sources */,
				5D3BC333190AB605003E8613 /* ImageNote.m in Sources */,
				5DA7AE5918BEC8A400CA0DEB /* NoteViewController.m in Sources */,
				5DAC945B18CE7A6A00EFEDC7 /* ShoulderAngleNote.m in Sources */,
				5DA7AE5418BEC45B00CA0DEB /* SpindleNoteViewController.m in Sources */,
				5D9E2164185FEC46006BA0B3 /* FootBottomView.m in Sources */,
				5D9E2155185BE370006BA0B3 /* AngleNote.m in Sources */,
				5DF59D3718B2C73E0065A8D1 /* VideoNoteViewController.m in Sources */,
				5D9E215E185FE7F2006BA0B3 /* FootBottomNote.m in Sources */,
				5DA7AE5D18BECCC800CA0DEB /* SpindleView.m in Sources */,
			);
			runOnlyForDeploymentPostprocessing = 0;
		};
		5D8531F51759CD6600934E68 /* Sources */ = {
			isa = PBXSourcesBuildPhase;
			buildActionMask = 2147483647;
			files = (
				5D8532091759CD6600934E68 /* AthletePropertyModelTests.m in Sources */,
			);
			runOnlyForDeploymentPostprocessing = 0;
		};
/* End PBXSourcesBuildPhase section */

/* Begin PBXTargetDependency section */
		5D8532001759CD6600934E68 /* PBXTargetDependency */ = {
			isa = PBXTargetDependency;
			target = 5D8531C51759CD6600934E68 /* bikefit */;
			targetProxy = 5D8531FF1759CD6600934E68 /* PBXContainerItemProxy */;
		};
/* End PBXTargetDependency section */

/* Begin PBXVariantGroup section */
		5D8531D21759CD6600934E68 /* InfoPlist.strings */ = {
			isa = PBXVariantGroup;
			children = (
				5D8531D31759CD6600934E68 /* en */,
			);
			name = InfoPlist.strings;
			sourceTree = "<group>";
		};
		5D8531E41759CD6600934E68 /* MainStoryboard_iPad.storyboard */ = {
			isa = PBXVariantGroup;
			children = (
				5D8531E51759CD6600934E68 /* en */,
			);
			name = MainStoryboard_iPad.storyboard;
			sourceTree = "<group>";
		};
		5D8532041759CD6600934E68 /* InfoPlist.strings */ = {
			isa = PBXVariantGroup;
			children = (
				5D8532051759CD6600934E68 /* en */,
			);
			name = InfoPlist.strings;
			sourceTree = "<group>";
		};
/* End PBXVariantGroup section */

/* Begin XCBuildConfiguration section */
		5D85320A1759CD6600934E68 /* Debug */ = {
			isa = XCBuildConfiguration;
			buildSettings = {
				ALWAYS_SEARCH_USER_PATHS = NO;
				CLANG_CXX_LANGUAGE_STANDARD = "gnu++0x";
				CLANG_CXX_LIBRARY = "libc++";
				CLANG_ENABLE_OBJC_ARC = YES;
				CLANG_WARN_CONSTANT_CONVERSION = YES;
				CLANG_WARN_EMPTY_BODY = YES;
				CLANG_WARN_ENUM_CONVERSION = YES;
				CLANG_WARN_INT_CONVERSION = YES;
				CLANG_WARN__DUPLICATE_METHOD_MATCH = YES;
				"CODE_SIGN_IDENTITY[sdk=iphoneos*]" = "iPhone Developer";
				COPY_PHASE_STRIP = NO;
				GCC_C_LANGUAGE_STANDARD = gnu99;
				GCC_DYNAMIC_NO_PIC = NO;
				GCC_OPTIMIZATION_LEVEL = 0;
				GCC_PREPROCESSOR_DEFINITIONS = (
					"DEBUG=1",
					"$(inherited)",
				);
				GCC_SYMBOLS_PRIVATE_EXTERN = NO;
				GCC_WARN_ABOUT_RETURN_TYPE = YES;
				GCC_WARN_UNINITIALIZED_AUTOS = YES;
				GCC_WARN_UNUSED_VARIABLE = YES;
				IPHONEOS_DEPLOYMENT_TARGET = 6.1;
				ONLY_ACTIVE_ARCH = YES;
				OTHER_LDFLAGS = "";
				SDKROOT = iphoneos;
				TARGETED_DEVICE_FAMILY = "1,2";
			};
			name = Debug;
		};
		5D85320B1759CD6600934E68 /* Release */ = {
			isa = XCBuildConfiguration;
			buildSettings = {
				ALWAYS_SEARCH_USER_PATHS = NO;
				CLANG_CXX_LANGUAGE_STANDARD = "gnu++0x";
				CLANG_CXX_LIBRARY = "libc++";
				CLANG_ENABLE_OBJC_ARC = YES;
				CLANG_WARN_CONSTANT_CONVERSION = YES;
				CLANG_WARN_EMPTY_BODY = YES;
				CLANG_WARN_ENUM_CONVERSION = YES;
				CLANG_WARN_INT_CONVERSION = YES;
				CLANG_WARN__DUPLICATE_METHOD_MATCH = YES;
				"CODE_SIGN_IDENTITY[sdk=iphoneos*]" = "iPhone Developer";
				COPY_PHASE_STRIP = YES;
				GCC_C_LANGUAGE_STANDARD = gnu99;
				GCC_WARN_ABOUT_RETURN_TYPE = YES;
				GCC_WARN_UNINITIALIZED_AUTOS = YES;
				GCC_WARN_UNUSED_VARIABLE = YES;
				IPHONEOS_DEPLOYMENT_TARGET = 6.1;
				OTHER_CFLAGS = "-DNS_BLOCK_ASSERTIONS=1";
				OTHER_LDFLAGS = "";
				SDKROOT = iphoneos;
				TARGETED_DEVICE_FAMILY = "1,2";
				VALIDATE_PRODUCT = YES;
			};
			name = Release;
		};
		5D85320D1759CD6600934E68 /* Debug */ = {
			isa = XCBuildConfiguration;
			buildSettings = {
				FRAMEWORK_SEARCH_PATHS = (
					"$(inherited)",
					"\"$(SRCROOT)/../../../Downloads/aws-ios-sdk-1.7.0\"",
					"\"$(SRCROOT)/../../../Downloads/aws-ios-sdk-1.7.0/ThirdParty\"",
					"$(PROJECT_DIR)/aws-ios-sdk-1.7.0",
				);
				GCC_PRECOMPILE_PREFIX_HEADER = YES;
				GCC_PREFIX_HEADER = "Tabbed Bikefit/bikefit-Prefix.pch";
				INFOPLIST_FILE = "Tabbed Bikefit/bikefit-Info.plist";
				LIBRARY_SEARCH_PATHS = (
					"$(inherited)",
					"\"$(SRCROOT)/../../../Downloads/aws-ios-sdk-1.7.0/ThirdParty/Amazon\"",
				);
				PRODUCT_NAME = bikefit;
				WRAPPER_EXTENSION = app;
			};
			name = Debug;
		};
		5D85320E1759CD6600934E68 /* Release */ = {
			isa = XCBuildConfiguration;
			buildSettings = {
				FRAMEWORK_SEARCH_PATHS = (
					"$(inherited)",
					"\"$(SRCROOT)/../../../Downloads/aws-ios-sdk-1.7.0\"",
					"\"$(SRCROOT)/../../../Downloads/aws-ios-sdk-1.7.0/ThirdParty\"",
					"$(PROJECT_DIR)/aws-ios-sdk-1.7.0",
				);
				GCC_PRECOMPILE_PREFIX_HEADER = YES;
				GCC_PREFIX_HEADER = "Tabbed Bikefit/bikefit-Prefix.pch";
				INFOPLIST_FILE = "Tabbed Bikefit/bikefit-Info.plist";
				LIBRARY_SEARCH_PATHS = (
					"$(inherited)",
					"\"$(SRCROOT)/../../../Downloads/aws-ios-sdk-1.7.0/ThirdParty/Amazon\"",
				);
				PRODUCT_NAME = bikefit;
				WRAPPER_EXTENSION = app;
			};
			name = Release;
		};
		5D8532101759CD6600934E68 /* Debug */ = {
			isa = XCBuildConfiguration;
			buildSettings = {
				FRAMEWORK_SEARCH_PATHS = (
					"\"$(SDKROOT)/Developer/Library/Frameworks\"",
					"\"$(DEVELOPER_LIBRARY_DIR)/Frameworks\"",
				);
				GCC_PRECOMPILE_PREFIX_HEADER = YES;
				GCC_PREFIX_HEADER = "Tabbed Bikefit/bikefit-Prefix.pch";
				INFOPLIST_FILE = "Tabbed BikefitTests/bikefitTests-Info.plist";
				PRODUCT_NAME = bikefitTests;
				WRAPPER_EXTENSION = octest;
			};
			name = Debug;
		};
		5D8532111759CD6600934E68 /* Release */ = {
			isa = XCBuildConfiguration;
			buildSettings = {
				FRAMEWORK_SEARCH_PATHS = (
					"\"$(SDKROOT)/Developer/Library/Frameworks\"",
					"\"$(DEVELOPER_LIBRARY_DIR)/Frameworks\"",
				);
				GCC_PRECOMPILE_PREFIX_HEADER = YES;
				GCC_PREFIX_HEADER = "Tabbed Bikefit/bikefit-Prefix.pch";
				INFOPLIST_FILE = "Tabbed BikefitTests/bikefitTests-Info.plist";
				PRODUCT_NAME = bikefitTests;
				WRAPPER_EXTENSION = octest;
			};
			name = Release;
		};
/* End XCBuildConfiguration section */

/* Begin XCConfigurationList section */
		5D8531C11759CD6600934E68 /* Build configuration list for PBXProject "bikefit" */ = {
			isa = XCConfigurationList;
			buildConfigurations = (
				5D85320A1759CD6600934E68 /* Debug */,
				5D85320B1759CD6600934E68 /* Release */,
			);
			defaultConfigurationIsVisible = 0;
			defaultConfigurationName = Release;
		};
		5D85320C1759CD6600934E68 /* Build configuration list for PBXNativeTarget "bikefit" */ = {
			isa = XCConfigurationList;
			buildConfigurations = (
				5D85320D1759CD6600934E68 /* Debug */,
				5D85320E1759CD6600934E68 /* Release */,
			);
			defaultConfigurationIsVisible = 0;
			defaultConfigurationName = Release;
		};
		5D85320F1759CD6600934E68 /* Build configuration list for PBXNativeTarget "bikefitTests" */ = {
			isa = XCConfigurationList;
			buildConfigurations = (
				5D8532101759CD6600934E68 /* Debug */,
				5D8532111759CD6600934E68 /* Release */,
			);
			defaultConfigurationIsVisible = 0;
			defaultConfigurationName = Release;
		};
/* End XCConfigurationList section */
	};
	rootObject = 5D8531BE1759CD6600934E68 /* Project object */;
}
